
Microsoft Visual Studio Solution File, Format Version 12.00
# Visual Studio 2017
Project("{FAE04EC0-301F-11D3-BF4B-00C04F79EFBC}") = "Satori.RTM.TestRunner", "Satori.RTM.TestRunner.csproj", "{D1EE240C-1738-ECA0-84A0-1F11E8A3A27A}"
EndProject
Project("{FAE04EC0-301F-11D3-BF4B-00C04F79EFBC}") = "Satori.RTM.TestRunner.Editor", "Satori.RTM.TestRunner.Editor.csproj", "{865F50BA-348E-CE0B-8A90-7A12B99DC302}"
EndProject
Global
	GlobalSection(SolutionConfigurationPlatforms) = preSolution
		Debug|Any CPU = Debug|Any CPU
		Release|Any CPU = Release|Any CPU
	EndGlobalSection
	GlobalSection(ProjectConfigurationPlatforms) = postSolution
		{D1EE240C-1738-ECA0-84A0-1F11E8A3A27A}.Debug|Any CPU.ActiveCfg = Debug|Any CPU
		{D1EE240C-1738-ECA0-84A0-1F11E8A3A27A}.Debug|Any CPU.Build.0 = Debug|Any CPU
		{D1EE240C-1738-ECA0-84A0-1F11E8A3A27A}.Release|Any CPU.ActiveCfg = Release|Any CPU
		{D1EE240C-1738-ECA0-84A0-1F11E8A3A27A}.Release|Any CPU.Build.0 = Release|Any CPU
		{865F50BA-348E-CE0B-8A90-7A12B99DC302}.Debug|Any CPU.ActiveCfg = Debug|Any CPU
		{865F50BA-348E-CE0B-8A90-7A12B99DC302}.Debug|Any CPU.Build.0 = Debug|Any CPU
		{865F50BA-348E-CE0B-8A90-7A12B99DC302}.Release|Any CPU.ActiveCfg = Release|Any CPU
		{865F50BA-348E-CE0B-8A90-7A12B99DC302}.Release|Any CPU.Build.0 = Release|Any CPU
	EndGlobalSection
	GlobalSection(SolutionProperties) = preSolution
		HideSolutionNode = FALSE
	EndGlobalSection
EndGlobal
