
Microsoft Visual Studio Solution File, Format Version 11.00
# Visual Studio 2010
Project("{FAE04EC0-301F-11D3-BF4B-00C04F79EFBC}") = "Satori.RTM.TestRunner", "Assembly-CSharp.csproj", "{4D0A6C70-2F68-F677-A7C7-8D8B0DC05F30}"
EndProject
Project("{FAE04EC0-301F-11D3-BF4B-00C04F79EFBC}") = "Satori.RTM.TestRunner", "Assembly-CSharp-Editor.csproj", "{B6BC342F-8880-C7D4-9776-0F9C0CDD2589}"
EndProject
Global
	GlobalSection(SolutionConfigurationPlatforms) = preSolution
		Debug|Any CPU = Debug|Any CPU
		Release|Any CPU = Release|Any CPU
	EndGlobalSection
	GlobalSection(ProjectConfigurationPlatforms) = postSolution
		{4D0A6C70-2F68-F677-A7C7-8D8B0DC05F30}.Debug|Any CPU.ActiveCfg = Debug|Any CPU
		{4D0A6C70-2F68-F677-A7C7-8D8B0DC05F30}.Debug|Any CPU.Build.0 = Debug|Any CPU
		{4D0A6C70-2F68-F677-A7C7-8D8B0DC05F30}.Release|Any CPU.ActiveCfg = Release|Any CPU
		{4D0A6C70-2F68-F677-A7C7-8D8B0DC05F30}.Release|Any CPU.Build.0 = Release|Any CPU
		{B6BC342F-8880-C7D4-9776-0F9C0CDD2589}.Debug|Any CPU.ActiveCfg = Debug|Any CPU
		{B6BC342F-8880-C7D4-9776-0F9C0CDD2589}.Debug|Any CPU.Build.0 = Debug|Any CPU
		{B6BC342F-8880-C7D4-9776-0F9C0CDD2589}.Release|Any CPU.ActiveCfg = Release|Any CPU
		{B6BC342F-8880-C7D4-9776-0F9C0CDD2589}.Release|Any CPU.Build.0 = Release|Any CPU
	EndGlobalSection
	GlobalSection(SolutionProperties) = preSolution
		HideSolutionNode = FALSE
	EndGlobalSection
	GlobalSection(MonoDevelopProperties) = preSolution
		StartupItem = Assembly-CSharp.csproj
	EndGlobalSection
EndGlobal
